
Microsoft Visual Studio Solution File, Format Version 12.00
# Visual Studio Version 16
VisualStudioVersion = 16.0.30621.155
MinimumVisualStudioVersion = 10.0.40219.1
Project("{FAE04EC0-301F-11D3-BF4B-00C04F79EFBC}") = "01_Types", "01_Types\01_Types.csproj", "{39D59149-5E76-4203-B96C-0516C6E8A199}"
EndProject
Project("{FAE04EC0-301F-11D3-BF4B-00C04F79EFBC}") = "02_Conditionals", "02_Conditionals\02_Conditionals.csproj", "{6B99DBE5-F107-40F2-8FDC-A02A0693BABE}"
EndProject
Project("{FAE04EC0-301F-11D3-BF4B-00C04F79EFBC}") = "03_Loops", "03_Loops\03_Loops.csproj", "{F2DDA9F9-7509-45FB-8C81-23102520CF8F}"
EndProject
Project("{FAE04EC0-301F-11D3-BF4B-00C04F79EFBC}") = "04_Methods", "04_Methods\04_Methods.csproj", "{6B51C839-BA13-4B79-8A65-0936ABAE5914}"
EndProject
Project("{FAE04EC0-301F-11D3-BF4B-00C04F79EFBC}") = "05_Classes", "05_Classes\05_Classes.csproj", "{0FB35BF0-8290-4648-BF1B-DF4AA937B58C}"
EndProject
Project("{FAE04EC0-301F-11D3-BF4B-00C04F79EFBC}") = "06_RepositoryPattern_Repository", "06_RepositoryPattern_Repository\06_RepositoryPattern_Repository.csproj", "{C6E9EA00-78A1-4D4C-9DF5-F2E0FC8A715A}"
EndProject
Project("{FAE04EC0-301F-11D3-BF4B-00C04F79EFBC}") = "06_RepositoryPattern_Console", "06_RepositoryPattern_Console\06_RepositoryPattern_Console.csproj", "{FE664F22-E905-4D4B-ABF3-26CEDC80820F}"
EndProject
Project("{FAE04EC0-301F-11D3-BF4B-00C04F79EFBC}") = "06_RepositoryPattern_Tests", "06_RepositoryPattern_Tests\06_RepositoryPattern_Tests.csproj", "{3183154C-C894-410B-8606-A4C7DCE63F68}"
EndProject
Project("{FAE04EC0-301F-11D3-BF4B-00C04F79EFBC}") = "07_Inheritance", "07_Inheritance\07_Inheritance.csproj", "{84A0C790-49DD-4732-A79D-07BFF315F805}"
EndProject
Project("{FAE04EC0-301F-11D3-BF4B-00C04F79EFBC}") = "08_Interfaces", "08_Interfaces\08_Interfaces.csproj", "{491ADAB9-3746-4BDB-8847-AB756311B9ED}"
EndProject
Global
	GlobalSection(SolutionConfigurationPlatforms) = preSolution
		Debug|Any CPU = Debug|Any CPU
		Release|Any CPU = Release|Any CPU
	EndGlobalSection
	GlobalSection(ProjectConfigurationPlatforms) = postSolution
		{39D59149-5E76-4203-B96C-0516C6E8A199}.Debug|Any CPU.ActiveCfg = Debug|Any CPU
		{39D59149-5E76-4203-B96C-0516C6E8A199}.Debug|Any CPU.Build.0 = Debug|Any CPU
		{39D59149-5E76-4203-B96C-0516C6E8A199}.Release|Any CPU.ActiveCfg = Release|Any CPU
		{39D59149-5E76-4203-B96C-0516C6E8A199}.Release|Any CPU.Build.0 = Release|Any CPU
		{6B99DBE5-F107-40F2-8FDC-A02A0693BABE}.Debug|Any CPU.ActiveCfg = Debug|Any CPU
		{6B99DBE5-F107-40F2-8FDC-A02A0693BABE}.Debug|Any CPU.Build.0 = Debug|Any CPU
		{6B99DBE5-F107-40F2-8FDC-A02A0693BABE}.Release|Any CPU.ActiveCfg = Release|Any CPU
		{6B99DBE5-F107-40F2-8FDC-A02A0693BABE}.Release|Any CPU.Build.0 = Release|Any CPU
		{F2DDA9F9-7509-45FB-8C81-23102520CF8F}.Debug|Any CPU.ActiveCfg = Debug|Any CPU
		{F2DDA9F9-7509-45FB-8C81-23102520CF8F}.Debug|Any CPU.Build.0 = Debug|Any CPU
		{F2DDA9F9-7509-45FB-8C81-23102520CF8F}.Release|Any CPU.ActiveCfg = Release|Any CPU
		{F2DDA9F9-7509-45FB-8C81-23102520CF8F}.Release|Any CPU.Build.0 = Release|Any CPU
		{6B51C839-BA13-4B79-8A65-0936ABAE5914}.Debug|Any CPU.ActiveCfg = Debug|Any CPU
		{6B51C839-BA13-4B79-8A65-0936ABAE5914}.Debug|Any CPU.Build.0 = Debug|Any CPU
		{6B51C839-BA13-4B79-8A65-0936ABAE5914}.Release|Any CPU.ActiveCfg = Release|Any CPU
		{6B51C839-BA13-4B79-8A65-0936ABAE5914}.Release|Any CPU.Build.0 = Release|Any CPU
		{0FB35BF0-8290-4648-BF1B-DF4AA937B58C}.Debug|Any CPU.ActiveCfg = Debug|Any CPU
		{0FB35BF0-8290-4648-BF1B-DF4AA937B58C}.Debug|Any CPU.Build.0 = Debug|Any CPU
		{0FB35BF0-8290-4648-BF1B-DF4AA937B58C}.Release|Any CPU.ActiveCfg = Release|Any CPU
		{0FB35BF0-8290-4648-BF1B-DF4AA937B58C}.Release|Any CPU.Build.0 = Release|Any CPU
		{C6E9EA00-78A1-4D4C-9DF5-F2E0FC8A715A}.Debug|Any CPU.ActiveCfg = Debug|Any CPU
		{C6E9EA00-78A1-4D4C-9DF5-F2E0FC8A715A}.Debug|Any CPU.Build.0 = Debug|Any CPU
		{C6E9EA00-78A1-4D4C-9DF5-F2E0FC8A715A}.Release|Any CPU.ActiveCfg = Release|Any CPU
		{C6E9EA00-78A1-4D4C-9DF5-F2E0FC8A715A}.Release|Any CPU.Build.0 = Release|Any CPU
		{FE664F22-E905-4D4B-ABF3-26CEDC80820F}.Debug|Any CPU.ActiveCfg = Debug|Any CPU
		{FE664F22-E905-4D4B-ABF3-26CEDC80820F}.Debug|Any CPU.Build.0 = Debug|Any CPU
		{FE664F22-E905-4D4B-ABF3-26CEDC80820F}.Release|Any CPU.ActiveCfg = Release|Any CPU
		{FE664F22-E905-4D4B-ABF3-26CEDC80820F}.Release|Any CPU.Build.0 = Release|Any CPU
		{3183154C-C894-410B-8606-A4C7DCE63F68}.Debug|Any CPU.ActiveCfg = Debug|Any CPU
		{3183154C-C894-410B-8606-A4C7DCE63F68}.Debug|Any CPU.Build.0 = Debug|Any CPU
		{3183154C-C894-410B-8606-A4C7DCE63F68}.Release|Any CPU.ActiveCfg = Release|Any CPU
		{3183154C-C894-410B-8606-A4C7DCE63F68}.Release|Any CPU.Build.0 = Release|Any CPU
		{84A0C790-49DD-4732-A79D-07BFF315F805}.Debug|Any CPU.ActiveCfg = Debug|Any CPU
		{84A0C790-49DD-4732-A79D-07BFF315F805}.Debug|Any CPU.Build.0 = Debug|Any CPU
		{84A0C790-49DD-4732-A79D-07BFF315F805}.Release|Any CPU.ActiveCfg = Release|Any CPU
		{84A0C790-49DD-4732-A79D-07BFF315F805}.Release|Any CPU.Build.0 = Release|Any CPU
		{491ADAB9-3746-4BDB-8847-AB756311B9ED}.Debug|Any CPU.ActiveCfg = Debug|Any CPU
		{491ADAB9-3746-4BDB-8847-AB756311B9ED}.Debug|Any CPU.Build.0 = Debug|Any CPU
		{491ADAB9-3746-4BDB-8847-AB756311B9ED}.Release|Any CPU.ActiveCfg = Release|Any CPU
		{491ADAB9-3746-4BDB-8847-AB756311B9ED}.Release|Any CPU.Build.0 = Release|Any CPU
	EndGlobalSection
	GlobalSection(SolutionProperties) = preSolution
		HideSolutionNode = FALSE
	EndGlobalSection
	GlobalSection(ExtensibilityGlobals) = postSolution
		SolutionGuid = {B406A244-60C0-4E76-9C9D-400743A493EC}
	EndGlobalSection
EndGlobal
